// !$*UTF8*$!
{
	archiveVersion = 1;
	classes = {
	};
	objectVersion = 50;
	objects = {

/* Begin PBXBuildFile section */
		849DD4BC22208B05004D7307 /* AppDelegate.swift in Sources */ = {isa = PBXBuildFile; fileRef = 849DD4BB22208B05004D7307 /* AppDelegate.swift */; };
		849DD4BE22208B05004D7307 /* ViewController.swift in Sources */ = {isa = PBXBuildFile; fileRef = 849DD4BD22208B05004D7307 /* ViewController.swift */; };
		849DD4C322208B07004D7307 /* Assets.xcassets in Resources */ = {isa = PBXBuildFile; fileRef = 849DD4C222208B07004D7307 /* Assets.xcassets */; };
		849DD4C622208B07004D7307 /* LaunchScreen.storyboard in Resources */ = {isa = PBXBuildFile; fileRef = 849DD4C422208B07004D7307 /* LaunchScreen.storyboard */; };
		849DD4CE22208B26004D7307 /* main.swift in Sources */ = {isa = PBXBuildFile; fileRef = 849DD4CD22208B26004D7307 /* main.swift */; };
		849DD4D022208BAC004D7307 /* MyApplication.swift in Sources */ = {isa = PBXBuildFile; fileRef = 849DD4CF22208BAC004D7307 /* MyApplication.swift */; };
/* End PBXBuildFile section */

/* Begin PBXFileReference section */
		849DD4B822208B05004D7307 /* O'Rilley book.app */ = {isa = PBXFileReference; explicitFileType = wrapper.application; includeInIndex = 0; path = "O'Rilley book.app"; sourceTree = BUILT_PRODUCTS_DIR; };
		849DD4BB22208B05004D7307 /* AppDelegate.swift */ = {isa = PBXFileReference; lastKnownFileType = sourcecode.swift; path = AppDelegate.swift; sourceTree = "<group>"; };
		849DD4BD22208B05004D7307 /* ViewController.swift */ = {isa = PBXFileReference; lastKnownFileType = sourcecode.swift; path = ViewController.swift; sourceTree = "<group>"; };
		849DD4C222208B07004D7307 /* Assets.xcassets */ = {isa = PBXFileReference; lastKnownFileType = folder.assetcatalog; path = Assets.xcassets; sourceTree = "<group>"; };
		849DD4C522208B07004D7307 /* Base */ = {isa = PBXFileReference; lastKnownFileType = file.storyboard; name = Base; path = Base.lproj/LaunchScreen.storyboard; sourceTree = "<group>"; };
		849DD4C722208B07004D7307 /* Info.plist */ = {isa = PBXFileReference; lastKnownFileType = text.plist.xml; path = Info.plist; sourceTree = "<group>"; };
		849DD4CD22208B26004D7307 /* main.swift */ = {isa = PBXFileReference; lastKnownFileType = sourcecode.swift; path = main.swift; sourceTree = "<group>"; };
		849DD4CF22208BAC004D7307 /* MyApplication.swift */ = {isa = PBXFileReference; lastKnownFileType = sourcecode.swift; path = MyApplication.swift; sourceTree = "<group>"; };
/* End PBXFileReference section */

/* Begin PBXFrameworksBuildPhase section */
		849DD4B522208B05004D7307 /* Frameworks */ = {
			isa = PBXFrameworksBuildPhase;
			buildActionMask = 2147483647;
			files = (
			);
			runOnlyForDeploymentPostprocessing = 0;
		};
/* End PBXFrameworksBuildPhase section */

/* Begin PBXGroup section */
		849DD4AF22208B05004D7307 = {
			isa = PBXGroup;
			children = (
				849DD4BA22208B05004D7307 /* O'Rilley book */,
				849DD4B922208B05004D7307 /* Products */,
			);
			sourceTree = "<group>";
		};
		849DD4B922208B05004D7307 /* Products */ = {
			isa = PBXGroup;
			children = (
				849DD4B822208B05004D7307 /* O'Rilley book.app */,
			);
			name = Products;
			sourceTree = "<group>";
		};
		849DD4BA22208B05004D7307 /* O'Rilley book */ = {
			isa = PBXGroup;
			children = (
				849DD4CF22208BAC004D7307 /* MyApplication.swift */,
				849DD4BB22208B05004D7307 /* AppDelegate.swift */,
				849DD4BD22208B05004D7307 /* ViewController.swift */,
				849DD4C222208B07004D7307 /* Assets.xcassets */,
				849DD4C722208B07004D7307 /* Info.plist */,
				849DD4CD22208B26004D7307 /* main.swift */,
				849DD4C422208B07004D7307 /* LaunchScreen.storyboard */,
			);
			path = "O'Rilley book";
			sourceTree = "<group>";
		};
/* End PBXGroup section */

/* Begin PBXNativeTarget section */
		849DD4B722208B05004D7307 /* O'Rilley book */ = {
			isa = PBXNativeTarget;
			buildConfigurationList = 849DD4CA22208B07004D7307 /* Build configuration list for PBXNativeTarget "O'Rilley book" */;
			buildPhases = (
				849DD4B422208B05004D7307 /* Sources */,
				849DD4B522208B05004D7307 /* Frameworks */,
				849DD4B622208B05004D7307 /* Resources */,
			);
			buildRules = (
			);
			dependencies = (
			);
			name = "O'Rilley book";
			productName = "O'Rilley book";
			productReference = 849DD4B822208B05004D7307 /* O'Rilley book.app */;
			productType = "com.apple.product-type.application";
		};
/* End PBXNativeTarget section */

/* Begin PBXProject section */
		849DD4B022208B05004D7307 /* Project object */ = {
			isa = PBXProject;
			attributes = {
				LastSwiftUpdateCheck = 1010;
				LastUpgradeCheck = 1010;
				ORGANIZATIONNAME = "Рома Сорока";
				TargetAttributes = {
					849DD4B722208B05004D7307 = {
						CreatedOnToolsVersion = 10.1;
					};
				};
			};
			buildConfigurationList = 849DD4B322208B05004D7307 /* Build configuration list for PBXProject "O'Rilley book" */;
			compatibilityVersion = "Xcode 9.3";
			developmentRegion = en;
			hasScannedForEncodings = 0;
			knownRegions = (
				en,
				Base,
			);
			mainGroup = 849DD4AF22208B05004D7307;
			productRefGroup = 849DD4B922208B05004D7307 /* Products */;
			projectDirPath = "";
			projectRoot = "";
			targets = (
				849DD4B722208B05004D7307 /* O'Rilley book */,
			);
		};
/* End PBXProject section */

/* Begin PBXResourcesBuildPhase section */
		849DD4B622208B05004D7307 /* Resources */ = {
			isa = PBXResourcesBuildPhase;
			buildActionMask = 2147483647;
			files = (
				849DD4C622208B07004D7307 /* LaunchScreen.storyboard in Resources */,
				849DD4C322208B07004D7307 /* Assets.xcassets in Resources */,
			);
			runOnlyForDeploymentPostprocessing = 0;
		};
/* End PBXResourcesBuildPhase section */

/* Begin PBXSourcesBuildPhase section */
		849DD4B422208B05004D7307 /* Sources */ = {
			isa = PBXSourcesBuildPhase;
			buildActionMask = 2147483647;
			files = (
				849DD4D022208BAC004D7307 /* MyApplication.swift in Sources */,
				849DD4BE22208B05004D7307 /* ViewController.swift in Sources */,
				849DD4BC22208B05004D7307 /* AppDelegate.swift in Sources */,
				849DD4CE22208B26004D7307 /* main.swift in Sources */,
			);
			runOnlyForDeploymentPostprocessing = 0;
		};
/* End PBXSourcesBuildPhase section */

/* Begin PBXVariantGroup section */
		849DD4C422208B07004D7307 /* LaunchScreen.storyboard */ = {
			isa = PBXVariantGroup;
			children = (
				849DD4C522208B07004D7307 /* Base */,
			);
			name = LaunchScreen.storyboard;
			sourceTree = "<group>";
		};
/* End PBXVariantGroup section */

/* Begin XCBuildConfiguration section */
		849DD4C822208B07004D7307 /* Debug */ = {
			isa = XCBuildConfiguration;
			buildSettings = {
				ALWAYS_SEARCH_USER_PATHS = NO;
				CLANG_ANALYZER_NONNULL = YES;
				CLANG_ANALYZER_NUMBER_OBJECT_CONVERSION = YES_AGGRESSIVE;
				CLANG_CXX_LANGUAGE_STANDARD = "gnu++14";
				CLANG_CXX_LIBRARY = "libc++";
				CLANG_ENABLE_MODULES = YES;
				CLANG_ENABLE_OBJC_ARC = YES;
				CLANG_ENABLE_OBJC_WEAK = YES;
				CLANG_WARN_BLOCK_CAPTURE_AUTORELEASING = YES;
				CLANG_WARN_BOOL_CONVERSION = YES;
				CLANG_WARN_COMMA = YES;
				CLANG_WARN_CONSTANT_CONVERSION = YES;
				CLANG_WARN_DEPRECATED_OBJC_IMPLEMENTATIONS = YES;
				CLANG_WARN_DIRECT_OBJC_ISA_USAGE = YES_ERROR;
				CLANG_WARN_DOCUMENTATION_COMMENTS = YES;
				CLANG_WARN_EMPTY_BODY = YES;
				CLANG_WARN_ENUM_CONVERSION = YES;
				CLANG_WARN_INFINITE_RECURSION = YES;
				CLANG_WARN_INT_CONVERSION = YES;
				CLANG_WARN_NON_LITERAL_NULL_CONVERSION = YES;
				CLANG_WARN_OBJC_IMPLICIT_RETAIN_SELF = YES;
				CLANG_WARN_OBJC_LITERAL_CONVERSION = YES;
				CLANG_WARN_OBJC_ROOT_CLASS = YES_ERROR;
				CLANG_WARN_RANGE_LOOP_ANALYSIS = YES;
				CLANG_WARN_STRICT_PROTOTYPES = YES;
				CLANG_WARN_SUSPICIOUS_MOVE = YES;
				CLANG_WARN_UNGUARDED_AVAILABILITY = YES_AGGRESSIVE;
				CLANG_WARN_UNREACHABLE_CODE = YES;
				CLANG_WARN__DUPLICATE_METHOD_MATCH = YES;
				CODE_SIGN_IDENTITY = "iPhone Developer";
				COPY_PHASE_STRIP = NO;
				DEBUG_INFORMATION_FORMAT = dwarf;
				ENABLE_STRICT_OBJC_MSGSEND = YES;
				ENABLE_TESTABILITY = YES;
				GCC_C_LANGUAGE_STANDARD = gnu11;
				GCC_DYNAMIC_NO_PIC = NO;
				GCC_NO_COMMON_BLOCKS = YES;
				GCC_OPTIMIZATION_LEVEL = 0;
				GCC_PREPROCESSOR_DEFINITIONS = (
					"DEBUG=1",
					"$(inherited)",
				);
				GCC_WARN_64_TO_32_BIT_CONVERSION = YES;
				GCC_WARN_ABOUT_RETURN_TYPE = YES_ERROR;
				GCC_WARN_UNDECLARED_SELECTOR = YES;
				GCC_WARN_UNINITIALIZED_AUTOS = YES_AGGRESSIVE;
				GCC_WARN_UNUSED_FUNCTION = YES;
				GCC_WARN_UNUSED_VARIABLE = YES;
				IPHONEOS_DEPLOYMENT_TARGET = 12.1;
				MTL_ENABLE_DEBUG_INFO = INCLUDE_SOURCE;
				MTL_FAST_MATH = YES;
				ONLY_ACTIVE_ARCH = YES;
				SDKROOT = iphoneos;
				SWIFT_ACTIVE_COMPILATION_CONDITIONS = DEBUG;
				SWIFT_OPTIMIZATION_LEVEL = "-Onone";
			};
			name = Debug;
		};
		849DD4C922208B07004D7307 /* Release */ = {
			isa = XCBuildConfiguration;
			buildSettings = {
				ALWAYS_SEARCH_USER_PATHS = NO;
				CLANG_ANALYZER_NONNULL = YES;
				CLANG_ANALYZER_NUMBER_OBJECT_CONVERSION = YES_AGGRESSIVE;
				CLANG_CXX_LANGUAGE_STANDARD = "gnu++14";
				CLANG_CXX_LIBRARY = "libc++";
				CLANG_ENABLE_MODULES = YES;
				CLANG_ENABLE_OBJC_ARC = YES;
				CLANG_ENABLE_OBJC_WEAK = YES;
				CLANG_WARN_BLOCK_CAPTURE_AUTORELEASING = YES;
				CLANG_WARN_BOOL_CONVERSION = YES;
				CLANG_WARN_COMMA = YES;
				CLANG_WARN_CONSTANT_CONVERSION = YES;
				CLANG_WARN_DEPRECATED_OBJC_IMPLEMENTATIONS = YES;
				CLANG_WARN_DIRECT_OBJC_ISA_USAGE = YES_ERROR;
				CLANG_WARN_DOCUMENTATION_COMMENTS = YES;
				CLANG_WARN_EMPTY_BODY = YES;
				CLANG_WARN_ENUM_CONVERSION = YES;
				CLANG_WARN_INFINITE_RECURSION = YES;
				CLANG_WARN_INT_CONVERSION = YES;
				CLANG_WARN_NON_LITERAL_NULL_CONVERSION = YES;
				CLANG_WARN_OBJC_IMPLICIT_RETAIN_SELF = YES;
				CLANG_WARN_OBJC_LITERAL_CONVERSION = YES;
				CLANG_WARN_OBJC_ROOT_CLASS = YES_ERROR;
				CLANG_WARN_RANGE_LOOP_ANALYSIS = YES;
				CLANG_WARN_STRICT_PROTOTYPES = YES;
				CLANG_WARN_SUSPICIOUS_MOVE = YES;
				CLANG_WARN_UNGUARDED_AVAILABILITY = YES_AGGRESSIVE;
				CLANG_WARN_UNREACHABLE_CODE = YES;
				CLANG_WARN__DUPLICATE_METHOD_MATCH = YES;
				CODE_SIGN_IDENTITY = "iPhone Developer";
				COPY_PHASE_STRIP = NO;
				DEBUG_INFORMATION_FORMAT = "dwarf-with-dsym";
				ENABLE_NS_ASSERTIONS = NO;
				ENABLE_STRICT_OBJC_MSGSEND = YES;
				GCC_C_LANGUAGE_STANDARD = gnu11;
				GCC_NO_COMMON_BLOCKS = YES;
				GCC_WARN_64_TO_32_BIT_CONVERSION = YES;
				GCC_WARN_ABOUT_RETURN_TYPE = YES_ERROR;
				GCC_WARN_UNDECLARED_SELECTOR = YES;
				GCC_WARN_UNINITIALIZED_AUTOS = YES_AGGRESSIVE;
				GCC_WARN_UNUSED_FUNCTION = YES;
				GCC_WARN_UNUSED_VARIABLE = YES;
				IPHONEOS_DEPLOYMENT_TARGET = 12.1;
				MTL_ENABLE_DEBUG_INFO = NO;
				MTL_FAST_MATH = YES;
				SDKROOT = iphoneos;
				SWIFT_COMPILATION_MODE = wholemodule;
				SWIFT_OPTIMIZATION_LEVEL = "-O";
				VALIDATE_PRODUCT = YES;
			};
			name = Release;
		};
		849DD4CB22208B07004D7307 /* Debug */ = {
			isa = XCBuildConfiguration;
			buildSettings = {
				ASSETCATALOG_COMPILER_APPICON_NAME = AppIcon;
				CODE_SIGN_STYLE = Automatic;
				DEVELOPMENT_TEAM = 3294FG6EGE;
				INFOPLIST_FILE = "O'Rilley book/Info.plist";
				LD_RUNPATH_SEARCH_PATHS = (
					"$(inherited)",
					"@executable_path/Frameworks",
				);
				PRODUCT_BUNDLE_IDENTIFIER = "com.enokonot.O-Rilley-book";
				PRODUCT_NAME = "$(TARGET_NAME)";
				SWIFT_VERSION = 4.2;
				TARGETED_DEVICE_FAMILY = "1,2";
			};
			name = Debug;
		};
		849DD4CC22208B07004D7307 /* Release */ = {
			isa = XCBuildConfiguration;
			buildSettings = {
				ASSETCATALOG_COMPILER_APPICON_NAME = AppIcon;
				CODE_SIGN_STYLE = Automatic;
				DEVELOPMENT_TEAM = 3294FG6EGE;
				INFOPLIST_FILE = "O'Rilley book/Info.plist";
				LD_RUNPATH_SEARCH_PATHS = (
					"$(inherited)",
					"@executable_path/Frameworks",
				);
				PRODUCT_BUNDLE_IDENTIFIER = "com.enokonot.O-Rilley-book";
				PRODUCT_NAME = "$(TARGET_NAME)";
				SWIFT_VERSION = 4.2;
				TARGETED_DEVICE_FAMILY = "1,2";
			};
			name = Release;
		};
/* End XCBuildConfiguration section */

/* Begin XCConfigurationList section */
		849DD4B322208B05004D7307 /* Build configuration list for PBXProject "O'Rilley book" */ = {
			isa = XCConfigurationList;
			buildConfigurations = (
				849DD4C822208B07004D7307 /* Debug */,
				849DD4C922208B07004D7307 /* Release */,
			);
			defaultConfigurationIsVisible = 0;
			defaultConfigurationName = Release;
		};
		849DD4CA22208B07004D7307 /* Build configuration list for PBXNativeTarget "O'Rilley book" */ = {
			isa = XCConfigurationList;
			buildConfigurations = (
				849DD4CB22208B07004D7307 /* Debug */,
				849DD4CC22208B07004D7307 /* Release */,
			);
			defaultConfigurationIsVisible = 0;
			defaultConfigurationName = Release;
		};
/* End XCConfigurationList section */
	};
	rootObject = 849DD4B022208B05004D7307 /* Project object */;
}
